{
  "name": "@chengy12/codex-pets",
  "version": "1.0.0",
  "lockfileVersion": 3,
  "requires": true,
  "packages": {
    "": {
      "name": "@chengy12/codex-pets",
      "version": "1.0.0",
      "license": "UNLICENSED",
      "bin": {
        "codex-pets": "bin/codex-pets.js"
      },
      "engines": {
        "node": ">=18"
      }
    }
  }
}
